
Microsoft Visual Studio Solution File, Format Version 12.00
# Visual Studio Version 17
VisualStudioVersion = 17.9.34616.47
MinimumVisualStudioVersion = 10.0.40219.1
Project("{FAE04EC0-301F-11D3-BF4B-00C04F79EFBC}") = "Test_Task", "Test_Task\Test_Task.csproj", "{FE4614E0-0620-4C7C-A224-51088216004E}"
EndProject
Global
	GlobalSection(SolutionConfigurationPlatforms) = preSolution
		Debug|Any CPU = Debug|Any CPU
		Release|Any CPU = Release|Any CPU
	EndGlobalSection
	GlobalSection(ProjectConfigurationPlatforms) = postSolution
		{FE4614E0-0620-4C7C-A224-51088216004E}.Debug|Any CPU.ActiveCfg = Debug|Any CPU
		{FE4614E0-0620-4C7C-A224-51088216004E}.Debug|Any CPU.Build.0 = Debug|Any CPU
		{FE4614E0-0620-4C7C-A224-51088216004E}.Release|Any CPU.ActiveCfg = Release|Any CPU
		{FE4614E0-0620-4C7C-A224-51088216004E}.Release|Any CPU.Build.0 = Release|Any CPU
	EndGlobalSection
	GlobalSection(SolutionProperties) = preSolution
		HideSolutionNode = FALSE
	EndGlobalSection
	GlobalSection(ExtensibilityGlobals) = postSolution
		SolutionGuid = {5DC9154F-44EB-48B0-8C33-620E4715E470}
	EndGlobalSection
EndGlobal
